
Microsoft Visual Studio Solution File, Format Version 12.00
# Visual Studio Version 17
VisualStudioVersion = 17.6.33815.320
MinimumVisualStudioVersion = 10.0.40219.1
Project("{FAE04EC0-301F-11D3-BF4B-00C04F79EFBC}") = "Task-1", "Task-1\Task-1.csproj", "{74E839A0-3753-4C46-8A60-851DC4DAFCDE}"
EndProject
Global
	GlobalSection(SolutionConfigurationPlatforms) = preSolution
		Debug|Any CPU = Debug|Any CPU
		Release|Any CPU = Release|Any CPU
	EndGlobalSection
	GlobalSection(ProjectConfigurationPlatforms) = postSolution
		{74E839A0-3753-4C46-8A60-851DC4DAFCDE}.Debug|Any CPU.ActiveCfg = Debug|Any CPU
		{74E839A0-3753-4C46-8A60-851DC4DAFCDE}.Debug|Any CPU.Build.0 = Debug|Any CPU
		{74E839A0-3753-4C46-8A60-851DC4DAFCDE}.Release|Any CPU.ActiveCfg = Release|Any CPU
		{74E839A0-3753-4C46-8A60-851DC4DAFCDE}.Release|Any CPU.Build.0 = Release|Any CPU
	EndGlobalSection
	GlobalSection(SolutionProperties) = preSolution
		HideSolutionNode = FALSE
	EndGlobalSection
	GlobalSection(ExtensibilityGlobals) = postSolution
		SolutionGuid = {0932F766-159F-4884-A8CC-87291DA5A58B}
	EndGlobalSection
EndGlobal
